// !$*UTF8*$!
{
	archiveVersion = 1;
	classes = {
	};
	objectVersion = 56;
	objects = {

/* Begin PBXBuildFile section */
		04342A682D228D3C00CD7724 /* AppDelegate.swift in Sources */ = {isa = PBXBuildFile; fileRef = 04342A672D228D3C00CD7724 /* AppDelegate.swift */; };
		04342A6A2D228D3C00CD7724 /* SceneDelegate.swift in Sources */ = {isa = PBXBuildFile; fileRef = 04342A692D228D3C00CD7724 /* SceneDelegate.swift */; };
		04342A6C2D228D3C00CD7724 /* HomeViewController.swift in Sources */ = {isa = PBXBuildFile; fileRef = 04342A6B2D228D3C00CD7724 /* HomeViewController.swift */; };
		04342A6F2D228D3C00CD7724 /* Main.storyboard in Resources */ = {isa = PBXBuildFile; fileRef = 04342A6D2D228D3C00CD7724 /* Main.storyboard */; };
		04342A712D228D3E00CD7724 /* Assets.xcassets in Resources */ = {isa = PBXBuildFile; fileRef = 04342A702D228D3E00CD7724 /* Assets.xcassets */; };
		04342A742D228D3E00CD7724 /* LaunchScreen.storyboard in Resources */ = {isa = PBXBuildFile; fileRef = 04342A722D228D3E00CD7724 /* LaunchScreen.storyboard */; };
		04342A812D22902E00CD7724 /* ExploreViewController.swift in Sources */ = {isa = PBXBuildFile; fileRef = 04342A802D22902E00CD7724 /* ExploreViewController.swift */; };
		04342A832D22905000CD7724 /* CameraViewController.swift in Sources */ = {isa = PBXBuildFile; fileRef = 04342A822D22905000CD7724 /* CameraViewController.swift */; };
		04342A852D22906600CD7724 /* NotificationViewController.swift in Sources */ = {isa = PBXBuildFile; fileRef = 04342A842D22906600CD7724 /* NotificationViewController.swift */; };
		04342A872D22907F00CD7724 /* ProfileViewController.swift in Sources */ = {isa = PBXBuildFile; fileRef = 04342A862D22907F00CD7724 /* ProfileViewController.swift */; };
		04342A8C2D22914D00CD7724 /* PostViewController.swift in Sources */ = {isa = PBXBuildFile; fileRef = 04342A8B2D22914D00CD7724 /* PostViewController.swift */; };
		04342A8E2D22917000CD7724 /* LoginViewController.swift in Sources */ = {isa = PBXBuildFile; fileRef = 04342A8D2D22917000CD7724 /* LoginViewController.swift */; };
		04342A902D22919800CD7724 /* RegistrationViewController.swift in Sources */ = {isa = PBXBuildFile; fileRef = 04342A8F2D22919800CD7724 /* RegistrationViewController.swift */; };
		04342A932D22932E00CD7724 /* EditProfileViewController.swift in Sources */ = {isa = PBXBuildFile; fileRef = 04342A922D22932E00CD7724 /* EditProfileViewController.swift */; };
		04342A952D22935A00CD7724 /* SettingViewController.swift in Sources */ = {isa = PBXBuildFile; fileRef = 04342A942D22935A00CD7724 /* SettingViewController.swift */; };
		04342A972D22936A00CD7724 /* ListViewController.swift in Sources */ = {isa = PBXBuildFile; fileRef = 04342A962D22936A00CD7724 /* ListViewController.swift */; };
		04342A992D22938000CD7724 /* SearchViewController.swift in Sources */ = {isa = PBXBuildFile; fileRef = 04342A982D22938000CD7724 /* SearchViewController.swift */; };
		04342A9B2D22939F00CD7724 /* SearchResultViewController.swift in Sources */ = {isa = PBXBuildFile; fileRef = 04342A9A2D22939F00CD7724 /* SearchResultViewController.swift */; };
		04342A9D2D2293C200CD7724 /* PostEditorViewController.swift in Sources */ = {isa = PBXBuildFile; fileRef = 04342A9C2D2293C200CD7724 /* PostEditorViewController.swift */; };
		04342A9F2D2293D500CD7724 /* PublishPostViewController.swift in Sources */ = {isa = PBXBuildFile; fileRef = 04342A9E2D2293D500CD7724 /* PublishPostViewController.swift */; };
/* End PBXBuildFile section */

/* Begin PBXFileReference section */
		04342A642D228D3C00CD7724 /* Instagram.app */ = {isa = PBXFileReference; explicitFileType = wrapper.application; includeInIndex = 0; path = Instagram.app; sourceTree = BUILT_PRODUCTS_DIR; };
		04342A672D228D3C00CD7724 /* AppDelegate.swift */ = {isa = PBXFileReference; lastKnownFileType = sourcecode.swift; path = AppDelegate.swift; sourceTree = "<group>"; };
		04342A692D228D3C00CD7724 /* SceneDelegate.swift */ = {isa = PBXFileReference; lastKnownFileType = sourcecode.swift; path = SceneDelegate.swift; sourceTree = "<group>"; };
		04342A6B2D228D3C00CD7724 /* HomeViewController.swift */ = {isa = PBXFileReference; lastKnownFileType = sourcecode.swift; path = HomeViewController.swift; sourceTree = "<group>"; };
		04342A6E2D228D3C00CD7724 /* Base */ = {isa = PBXFileReference; lastKnownFileType = file.storyboard; name = Base; path = Base.lproj/Main.storyboard; sourceTree = "<group>"; };
		04342A702D228D3E00CD7724 /* Assets.xcassets */ = {isa = PBXFileReference; lastKnownFileType = folder.assetcatalog; path = Assets.xcassets; sourceTree = "<group>"; };
		04342A732D228D3E00CD7724 /* Base */ = {isa = PBXFileReference; lastKnownFileType = file.storyboard; name = Base; path = Base.lproj/LaunchScreen.storyboard; sourceTree = "<group>"; };
		04342A752D228D3E00CD7724 /* Info.plist */ = {isa = PBXFileReference; lastKnownFileType = text.plist.xml; path = Info.plist; sourceTree = "<group>"; };
		04342A802D22902E00CD7724 /* ExploreViewController.swift */ = {isa = PBXFileReference; lastKnownFileType = sourcecode.swift; path = ExploreViewController.swift; sourceTree = "<group>"; };
		04342A822D22905000CD7724 /* CameraViewController.swift */ = {isa = PBXFileReference; lastKnownFileType = sourcecode.swift; path = CameraViewController.swift; sourceTree = "<group>"; };
		04342A842D22906600CD7724 /* NotificationViewController.swift */ = {isa = PBXFileReference; lastKnownFileType = sourcecode.swift; path = NotificationViewController.swift; sourceTree = "<group>"; };
		04342A862D22907F00CD7724 /* ProfileViewController.swift */ = {isa = PBXFileReference; lastKnownFileType = sourcecode.swift; path = ProfileViewController.swift; sourceTree = "<group>"; };
		04342A8B2D22914D00CD7724 /* PostViewController.swift */ = {isa = PBXFileReference; lastKnownFileType = sourcecode.swift; path = PostViewController.swift; sourceTree = "<group>"; };
		04342A8D2D22917000CD7724 /* LoginViewController.swift */ = {isa = PBXFileReference; lastKnownFileType = sourcecode.swift; path = LoginViewController.swift; sourceTree = "<group>"; };
		04342A8F2D22919800CD7724 /* RegistrationViewController.swift */ = {isa = PBXFileReference; lastKnownFileType = sourcecode.swift; path = RegistrationViewController.swift; sourceTree = "<group>"; };
		04342A922D22932E00CD7724 /* EditProfileViewController.swift */ = {isa = PBXFileReference; lastKnownFileType = sourcecode.swift; path = EditProfileViewController.swift; sourceTree = "<group>"; };
		04342A942D22935A00CD7724 /* SettingViewController.swift */ = {isa = PBXFileReference; lastKnownFileType = sourcecode.swift; path = SettingViewController.swift; sourceTree = "<group>"; };
		04342A962D22936A00CD7724 /* ListViewController.swift */ = {isa = PBXFileReference; lastKnownFileType = sourcecode.swift; path = ListViewController.swift; sourceTree = "<group>"; };
		04342A982D22938000CD7724 /* SearchViewController.swift */ = {isa = PBXFileReference; lastKnownFileType = sourcecode.swift; path = SearchViewController.swift; sourceTree = "<group>"; };
		04342A9A2D22939F00CD7724 /* SearchResultViewController.swift */ = {isa = PBXFileReference; lastKnownFileType = sourcecode.swift; path = SearchResultViewController.swift; sourceTree = "<group>"; };
		04342A9C2D2293C200CD7724 /* PostEditorViewController.swift */ = {isa = PBXFileReference; lastKnownFileType = sourcecode.swift; path = PostEditorViewController.swift; sourceTree = "<group>"; };
		04342A9E2D2293D500CD7724 /* PublishPostViewController.swift */ = {isa = PBXFileReference; lastKnownFileType = sourcecode.swift; path = PublishPostViewController.swift; sourceTree = "<group>"; };
/* End PBXFileReference section */

/* Begin PBXFrameworksBuildPhase section */
		04342A612D228D3C00CD7724 /* Frameworks */ = {
			isa = PBXFrameworksBuildPhase;
			buildActionMask = 2147483647;
			files = (
			);
			runOnlyForDeploymentPostprocessing = 0;
		};
/* End PBXFrameworksBuildPhase section */

/* Begin PBXGroup section */
		04342A5B2D228D3C00CD7724 = {
			isa = PBXGroup;
			children = (
				04342A662D228D3C00CD7724 /* Instagram */,
				04342A652D228D3C00CD7724 /* Products */,
			);
			sourceTree = "<group>";
		};
		04342A652D228D3C00CD7724 /* Products */ = {
			isa = PBXGroup;
			children = (
				04342A642D228D3C00CD7724 /* Instagram.app */,
			);
			name = Products;
			sourceTree = "<group>";
		};
		04342A662D228D3C00CD7724 /* Instagram */ = {
			isa = PBXGroup;
			children = (
				04342A912D2292FB00CD7724 /* Delegates */,
				04342A7B2D228D4800CD7724 /* Resources */,
				04342A7D2D228D7A00CD7724 /* Models */,
				04342A7C2D228D5A00CD7724 /* Controllers */,
				04342A7E2D228D9B00CD7724 /* Views */,
				04342A752D228D3E00CD7724 /* Info.plist */,
			);
			path = Instagram;
			sourceTree = "<group>";
		};
		04342A7B2D228D4800CD7724 /* Resources */ = {
			isa = PBXGroup;
			children = (
			);
			path = Resources;
			sourceTree = "<group>";
		};
		04342A7C2D228D5A00CD7724 /* Controllers */ = {
			isa = PBXGroup;
			children = (
				04342A892D22911300CD7724 /* Other */,
				04342A882D2290A100CD7724 /* Core Tabs */,
				04342A802D22902E00CD7724 /* ExploreViewController.swift */,
				04342A822D22905000CD7724 /* CameraViewController.swift */,
				04342A842D22906600CD7724 /* NotificationViewController.swift */,
				04342A862D22907F00CD7724 /* ProfileViewController.swift */,
			);
			path = Controllers;
			sourceTree = "<group>";
		};
		04342A7D2D228D7A00CD7724 /* Models */ = {
			isa = PBXGroup;
			children = (
			);
			path = Models;
			sourceTree = "<group>";
		};
		04342A7E2D228D9B00CD7724 /* Views */ = {
			isa = PBXGroup;
			children = (
				04342A702D228D3E00CD7724 /* Assets.xcassets */,
				04342A7F2D228DDC00CD7724 /* Selections */,
			);
			path = Views;
			sourceTree = "<group>";
		};
		04342A7F2D228DDC00CD7724 /* Selections */ = {
			isa = PBXGroup;
			children = (
				04342A6D2D228D3C00CD7724 /* Main.storyboard */,
				04342A722D228D3E00CD7724 /* LaunchScreen.storyboard */,
			);
			path = Selections;
			sourceTree = "<group>";
		};
		04342A882D2290A100CD7724 /* Core Tabs */ = {
			isa = PBXGroup;
			children = (
				04342A6B2D228D3C00CD7724 /* HomeViewController.swift */,
			);
			path = "Core Tabs";
			sourceTree = "<group>";
		};
		04342A892D22911300CD7724 /* Other */ = {
			isa = PBXGroup;
			children = (
				04342A8B2D22914D00CD7724 /* PostViewController.swift */,
				04342A922D22932E00CD7724 /* EditProfileViewController.swift */,
				04342A942D22935A00CD7724 /* SettingViewController.swift */,
				04342A962D22936A00CD7724 /* ListViewController.swift */,
				04342A982D22938000CD7724 /* SearchViewController.swift */,
				04342A9A2D22939F00CD7724 /* SearchResultViewController.swift */,
				04342A9C2D2293C200CD7724 /* PostEditorViewController.swift */,
				04342A9E2D2293D500CD7724 /* PublishPostViewController.swift */,
				04342A8A2D22912000CD7724 /* OnBoarding */,
			);
			path = Other;
			sourceTree = "<group>";
		};
		04342A8A2D22912000CD7724 /* OnBoarding */ = {
			isa = PBXGroup;
			children = (
				04342A8D2D22917000CD7724 /* LoginViewController.swift */,
				04342A8F2D22919800CD7724 /* RegistrationViewController.swift */,
			);
			path = OnBoarding;
			sourceTree = "<group>";
		};
		04342A912D2292FB00CD7724 /* Delegates */ = {
			isa = PBXGroup;
			children = (
				04342A672D228D3C00CD7724 /* AppDelegate.swift */,
				04342A692D228D3C00CD7724 /* SceneDelegate.swift */,
			);
			path = Delegates;
			sourceTree = "<group>";
		};
/* End PBXGroup section */

/* Begin PBXNativeTarget section */
		04342A632D228D3C00CD7724 /* Instagram */ = {
			isa = PBXNativeTarget;
			buildConfigurationList = 04342A782D228D3E00CD7724 /* Build configuration list for PBXNativeTarget "Instagram" */;
			buildPhases = (
				04342A602D228D3C00CD7724 /* Sources */,
				04342A612D228D3C00CD7724 /* Frameworks */,
				04342A622D228D3C00CD7724 /* Resources */,
			);
			buildRules = (
			);
			dependencies = (
			);
			name = Instagram;
			productName = Instagram;
			productReference = 04342A642D228D3C00CD7724 /* Instagram.app */;
			productType = "com.apple.product-type.application";
		};
/* End PBXNativeTarget section */

/* Begin PBXProject section */
		04342A5C2D228D3C00CD7724 /* Project object */ = {
			isa = PBXProject;
			attributes = {
				BuildIndependentTargetsInParallel = 1;
				LastSwiftUpdateCheck = 1520;
				LastUpgradeCheck = 1520;
				TargetAttributes = {
					04342A632D228D3C00CD7724 = {
						CreatedOnToolsVersion = 15.2;
					};
				};
			};
			buildConfigurationList = 04342A5F2D228D3C00CD7724 /* Build configuration list for PBXProject "Instagram" */;
			compatibilityVersion = "Xcode 14.0";
			developmentRegion = en;
			hasScannedForEncodings = 0;
			knownRegions = (
				en,
				Base,
			);
			mainGroup = 04342A5B2D228D3C00CD7724;
			productRefGroup = 04342A652D228D3C00CD7724 /* Products */;
			projectDirPath = "";
			projectRoot = "";
			targets = (
				04342A632D228D3C00CD7724 /* Instagram */,
			);
		};
/* End PBXProject section */

/* Begin PBXResourcesBuildPhase section */
		04342A622D228D3C00CD7724 /* Resources */ = {
			isa = PBXResourcesBuildPhase;
			buildActionMask = 2147483647;
			files = (
				04342A742D228D3E00CD7724 /* LaunchScreen.storyboard in Resources */,
				04342A712D228D3E00CD7724 /* Assets.xcassets in Resources */,
				04342A6F2D228D3C00CD7724 /* Main.storyboard in Resources */,
			);
			runOnlyForDeploymentPostprocessing = 0;
		};
/* End PBXResourcesBuildPhase section */

/* Begin PBXSourcesBuildPhase section */
		04342A602D228D3C00CD7724 /* Sources */ = {
			isa = PBXSourcesBuildPhase;
			buildActionMask = 2147483647;
			files = (
				04342A932D22932E00CD7724 /* EditProfileViewController.swift in Sources */,
				04342A8E2D22917000CD7724 /* LoginViewController.swift in Sources */,
				04342A9F2D2293D500CD7724 /* PublishPostViewController.swift in Sources */,
				04342A8C2D22914D00CD7724 /* PostViewController.swift in Sources */,
				04342A812D22902E00CD7724 /* ExploreViewController.swift in Sources */,
				04342A832D22905000CD7724 /* CameraViewController.swift in Sources */,
				04342A9D2D2293C200CD7724 /* PostEditorViewController.swift in Sources */,
				04342A902D22919800CD7724 /* RegistrationViewController.swift in Sources */,
				04342A852D22906600CD7724 /* NotificationViewController.swift in Sources */,
				04342A9B2D22939F00CD7724 /* SearchResultViewController.swift in Sources */,
				04342A6C2D228D3C00CD7724 /* HomeViewController.swift in Sources */,
				04342A992D22938000CD7724 /* SearchViewController.swift in Sources */,
				04342A872D22907F00CD7724 /* ProfileViewController.swift in Sources */,
				04342A682D228D3C00CD7724 /* AppDelegate.swift in Sources */,
				04342A6A2D228D3C00CD7724 /* SceneDelegate.swift in Sources */,
				04342A972D22936A00CD7724 /* ListViewController.swift in Sources */,
				04342A952D22935A00CD7724 /* SettingViewController.swift in Sources */,
			);
			runOnlyForDeploymentPostprocessing = 0;
		};
/* End PBXSourcesBuildPhase section */

/* Begin PBXVariantGroup section */
		04342A6D2D228D3C00CD7724 /* Main.storyboard */ = {
			isa = PBXVariantGroup;
			children = (
				04342A6E2D228D3C00CD7724 /* Base */,
			);
			name = Main.storyboard;
			sourceTree = "<group>";
		};
		04342A722D228D3E00CD7724 /* LaunchScreen.storyboard */ = {
			isa = PBXVariantGroup;
			children = (
				04342A732D228D3E00CD7724 /* Base */,
			);
			name = LaunchScreen.storyboard;
			sourceTree = "<group>";
		};
/* End PBXVariantGroup section */

/* Begin XCBuildConfiguration section */
		04342A762D228D3E00CD7724 /* Debug */ = {
			isa = XCBuildConfiguration;
			buildSettings = {
				ALWAYS_SEARCH_USER_PATHS = NO;
				ASSETCATALOG_COMPILER_GENERATE_SWIFT_ASSET_SYMBOL_EXTENSIONS = YES;
				CLANG_ANALYZER_NONNULL = YES;
				CLANG_ANALYZER_NUMBER_OBJECT_CONVERSION = YES_AGGRESSIVE;
				CLANG_CXX_LANGUAGE_STANDARD = "gnu++20";
				CLANG_ENABLE_MODULES = YES;
				CLANG_ENABLE_OBJC_ARC = YES;
				CLANG_ENABLE_OBJC_WEAK = YES;
				CLANG_WARN_BLOCK_CAPTURE_AUTORELEASING = YES;
				CLANG_WARN_BOOL_CONVERSION = YES;
				CLANG_WARN_COMMA = YES;
				CLANG_WARN_CONSTANT_CONVERSION = YES;
				CLANG_WARN_DEPRECATED_OBJC_IMPLEMENTATIONS = YES;
				CLANG_WARN_DIRECT_OBJC_ISA_USAGE = YES_ERROR;
				CLANG_WARN_DOCUMENTATION_COMMENTS = YES;
				CLANG_WARN_EMPTY_BODY = YES;
				CLANG_WARN_ENUM_CONVERSION = YES;
				CLANG_WARN_INFINITE_RECURSION = YES;
				CLANG_WARN_INT_CONVERSION = YES;
				CLANG_WARN_NON_LITERAL_NULL_CONVERSION = YES;
				CLANG_WARN_OBJC_IMPLICIT_RETAIN_SELF = YES;
				CLANG_WARN_OBJC_LITERAL_CONVERSION = YES;
				CLANG_WARN_OBJC_ROOT_CLASS = YES_ERROR;
				CLANG_WARN_QUOTED_INCLUDE_IN_FRAMEWORK_HEADER = YES;
				CLANG_WARN_RANGE_LOOP_ANALYSIS = YES;
				CLANG_WARN_STRICT_PROTOTYPES = YES;
				CLANG_WARN_SUSPICIOUS_MOVE = YES;
				CLANG_WARN_UNGUARDED_AVAILABILITY = YES_AGGRESSIVE;
				CLANG_WARN_UNREACHABLE_CODE = YES;
				CLANG_WARN__DUPLICATE_METHOD_MATCH = YES;
				COPY_PHASE_STRIP = NO;
				DEBUG_INFORMATION_FORMAT = dwarf;
				ENABLE_STRICT_OBJC_MSGSEND = YES;
				ENABLE_TESTABILITY = YES;
				ENABLE_USER_SCRIPT_SANDBOXING = YES;
				GCC_C_LANGUAGE_STANDARD = gnu17;
				GCC_DYNAMIC_NO_PIC = NO;
				GCC_NO_COMMON_BLOCKS = YES;
				GCC_OPTIMIZATION_LEVEL = 0;
				GCC_PREPROCESSOR_DEFINITIONS = (
					"DEBUG=1",
					"$(inherited)",
				);
				GCC_WARN_64_TO_32_BIT_CONVERSION = YES;
				GCC_WARN_ABOUT_RETURN_TYPE = YES_ERROR;
				GCC_WARN_UNDECLARED_SELECTOR = YES;
				GCC_WARN_UNINITIALIZED_AUTOS = YES_AGGRESSIVE;
				GCC_WARN_UNUSED_FUNCTION = YES;
				GCC_WARN_UNUSED_VARIABLE = YES;
				IPHONEOS_DEPLOYMENT_TARGET = 17.2;
				LOCALIZATION_PREFERS_STRING_CATALOGS = YES;
				MTL_ENABLE_DEBUG_INFO = INCLUDE_SOURCE;
				MTL_FAST_MATH = YES;
				ONLY_ACTIVE_ARCH = YES;
				SDKROOT = iphoneos;
				SWIFT_ACTIVE_COMPILATION_CONDITIONS = "DEBUG $(inherited)";
				SWIFT_OPTIMIZATION_LEVEL = "-Onone";
			};
			name = Debug;
		};
		04342A772D228D3E00CD7724 /* Release */ = {
			isa = XCBuildConfiguration;
			buildSettings = {
				ALWAYS_SEARCH_USER_PATHS = NO;
				ASSETCATALOG_COMPILER_GENERATE_SWIFT_ASSET_SYMBOL_EXTENSIONS = YES;
				CLANG_ANALYZER_NONNULL = YES;
				CLANG_ANALYZER_NUMBER_OBJECT_CONVERSION = YES_AGGRESSIVE;
				CLANG_CXX_LANGUAGE_STANDARD = "gnu++20";
				CLANG_ENABLE_MODULES = YES;
				CLANG_ENABLE_OBJC_ARC = YES;
				CLANG_ENABLE_OBJC_WEAK = YES;
				CLANG_WARN_BLOCK_CAPTURE_AUTORELEASING = YES;
				CLANG_WARN_BOOL_CONVERSION = YES;
				CLANG_WARN_COMMA = YES;
				CLANG_WARN_CONSTANT_CONVERSION = YES;
				CLANG_WARN_DEPRECATED_OBJC_IMPLEMENTATIONS = YES;
				CLANG_WARN_DIRECT_OBJC_ISA_USAGE = YES_ERROR;
				CLANG_WARN_DOCUMENTATION_COMMENTS = YES;
				CLANG_WARN_EMPTY_BODY = YES;
				CLANG_WARN_ENUM_CONVERSION = YES;
				CLANG_WARN_INFINITE_RECURSION = YES;
				CLANG_WARN_INT_CONVERSION = YES;
				CLANG_WARN_NON_LITERAL_NULL_CONVERSION = YES;
				CLANG_WARN_OBJC_IMPLICIT_RETAIN_SELF = YES;
				CLANG_WARN_OBJC_LITERAL_CONVERSION = YES;
				CLANG_WARN_OBJC_ROOT_CLASS = YES_ERROR;
				CLANG_WARN_QUOTED_INCLUDE_IN_FRAMEWORK_HEADER = YES;
				CLANG_WARN_RANGE_LOOP_ANALYSIS = YES;
				CLANG_WARN_STRICT_PROTOTYPES = YES;
				CLANG_WARN_SUSPICIOUS_MOVE = YES;
				CLANG_WARN_UNGUARDED_AVAILABILITY = YES_AGGRESSIVE;
				CLANG_WARN_UNREACHABLE_CODE = YES;
				CLANG_WARN__DUPLICATE_METHOD_MATCH = YES;
				COPY_PHASE_STRIP = NO;
				DEBUG_INFORMATION_FORMAT = "dwarf-with-dsym";
				ENABLE_NS_ASSERTIONS = NO;
				ENABLE_STRICT_OBJC_MSGSEND = YES;
				ENABLE_USER_SCRIPT_SANDBOXING = YES;
				GCC_C_LANGUAGE_STANDARD = gnu17;
				GCC_NO_COMMON_BLOCKS = YES;
				GCC_WARN_64_TO_32_BIT_CONVERSION = YES;
				GCC_WARN_ABOUT_RETURN_TYPE = YES_ERROR;
				GCC_WARN_UNDECLARED_SELECTOR = YES;
				GCC_WARN_UNINITIALIZED_AUTOS = YES_AGGRESSIVE;
				GCC_WARN_UNUSED_FUNCTION = YES;
				GCC_WARN_UNUSED_VARIABLE = YES;
				IPHONEOS_DEPLOYMENT_TARGET = 17.2;
				LOCALIZATION_PREFERS_STRING_CATALOGS = YES;
				MTL_ENABLE_DEBUG_INFO = NO;
				MTL_FAST_MATH = YES;
				SDKROOT = iphoneos;
				SWIFT_COMPILATION_MODE = wholemodule;
				VALIDATE_PRODUCT = YES;
			};
			name = Release;
		};
		04342A792D228D3E00CD7724 /* Debug */ = {
			isa = XCBuildConfiguration;
			buildSettings = {
				ASSETCATALOG_COMPILER_APPICON_NAME = AppIcon;
				ASSETCATALOG_COMPILER_GLOBAL_ACCENT_COLOR_NAME = AccentColor;
				CODE_SIGN_STYLE = Automatic;
				CURRENT_PROJECT_VERSION = 1;
				GENERATE_INFOPLIST_FILE = YES;
				INFOPLIST_FILE = Instagram/Info.plist;
				INFOPLIST_KEY_UIApplicationSupportsIndirectInputEvents = YES;
				INFOPLIST_KEY_UILaunchStoryboardName = LaunchScreen;
				INFOPLIST_KEY_UIMainStoryboardFile = Main;
				INFOPLIST_KEY_UISupportedInterfaceOrientations_iPad = "UIInterfaceOrientationPortrait UIInterfaceOrientationPortraitUpsideDown UIInterfaceOrientationLandscapeLeft UIInterfaceOrientationLandscapeRight";
				INFOPLIST_KEY_UISupportedInterfaceOrientations_iPhone = "UIInterfaceOrientationPortrait UIInterfaceOrientationLandscapeLeft UIInterfaceOrientationLandscapeRight";
				LD_RUNPATH_SEARCH_PATHS = (
					"$(inherited)",
					"@executable_path/Frameworks",
				);
				MARKETING_VERSION = 1.0;
				PRODUCT_BUNDLE_IDENTIFIER = umesh.kundgar.Instagram;
				PRODUCT_NAME = "$(TARGET_NAME)";
				SWIFT_EMIT_LOC_STRINGS = YES;
				SWIFT_VERSION = 5.0;
				TARGETED_DEVICE_FAMILY = "1,2";
			};
			name = Debug;
		};
		04342A7A2D228D3E00CD7724 /* Release */ = {
			isa = XCBuildConfiguration;
			buildSettings = {
				ASSETCATALOG_COMPILER_APPICON_NAME = AppIcon;
				ASSETCATALOG_COMPILER_GLOBAL_ACCENT_COLOR_NAME = AccentColor;
				CODE_SIGN_STYLE = Automatic;
				CURRENT_PROJECT_VERSION = 1;
				GENERATE_INFOPLIST_FILE = YES;
				INFOPLIST_FILE = Instagram/Info.plist;
				INFOPLIST_KEY_UIApplicationSupportsIndirectInputEvents = YES;
				INFOPLIST_KEY_UILaunchStoryboardName = LaunchScreen;
				INFOPLIST_KEY_UIMainStoryboardFile = Main;
				INFOPLIST_KEY_UISupportedInterfaceOrientations_iPad = "UIInterfaceOrientationPortrait UIInterfaceOrientationPortraitUpsideDown UIInterfaceOrientationLandscapeLeft UIInterfaceOrientationLandscapeRight";
				INFOPLIST_KEY_UISupportedInterfaceOrientations_iPhone = "UIInterfaceOrientationPortrait UIInterfaceOrientationLandscapeLeft UIInterfaceOrientationLandscapeRight";
				LD_RUNPATH_SEARCH_PATHS = (
					"$(inherited)",
					"@executable_path/Frameworks",
				);
				MARKETING_VERSION = 1.0;
				PRODUCT_BUNDLE_IDENTIFIER = umesh.kundgar.Instagram;
				PRODUCT_NAME = "$(TARGET_NAME)";
				SWIFT_EMIT_LOC_STRINGS = YES;
				SWIFT_VERSION = 5.0;
				TARGETED_DEVICE_FAMILY = "1,2";
			};
			name = Release;
		};
/* End XCBuildConfiguration section */

/* Begin XCConfigurationList section */
		04342A5F2D228D3C00CD7724 /* Build configuration list for PBXProject "Instagram" */ = {
			isa = XCConfigurationList;
			buildConfigurations = (
				04342A762D228D3E00CD7724 /* Debug */,
				04342A772D228D3E00CD7724 /* Release */,
			);
			defaultConfigurationIsVisible = 0;
			defaultConfigurationName = Release;
		};
		04342A782D228D3E00CD7724 /* Build configuration list for PBXNativeTarget "Instagram" */ = {
			isa = XCConfigurationList;
			buildConfigurations = (
				04342A792D228D3E00CD7724 /* Debug */,
				04342A7A2D228D3E00CD7724 /* Release */,
			);
			defaultConfigurationIsVisible = 0;
			defaultConfigurationName = Release;
		};
/* End XCConfigurationList section */
	};
	rootObject = 04342A5C2D228D3C00CD7724 /* Project object */;
}
